
Microsoft Visual Studio Solution File, Format Version 12.00
# Visual Studio Version 16
VisualStudioVersion = 16.0.29025.244
MinimumVisualStudioVersion = 10.0.40219.1
Project("{FAE04EC0-301F-11D3-BF4B-00C04F79EFBC}") = "OwnDataBase", "OwnDataBase\OwnDataBase.csproj", "{A56EB2A8-729E-4B65-A11E-FECD12DE20CF}"
EndProject
Global
	GlobalSection(SolutionConfigurationPlatforms) = preSolution
		Debug|Any CPU = Debug|Any CPU
		Release|Any CPU = Release|Any CPU
	EndGlobalSection
	GlobalSection(ProjectConfigurationPlatforms) = postSolution
		{A56EB2A8-729E-4B65-A11E-FECD12DE20CF}.Debug|Any CPU.ActiveCfg = Debug|Any CPU
		{A56EB2A8-729E-4B65-A11E-FECD12DE20CF}.Debug|Any CPU.Build.0 = Debug|Any CPU
		{A56EB2A8-729E-4B65-A11E-FECD12DE20CF}.Release|Any CPU.ActiveCfg = Release|Any CPU
		{A56EB2A8-729E-4B65-A11E-FECD12DE20CF}.Release|Any CPU.Build.0 = Release|Any CPU
	EndGlobalSection
	GlobalSection(SolutionProperties) = preSolution
		HideSolutionNode = FALSE
	EndGlobalSection
	GlobalSection(ExtensibilityGlobals) = postSolution
		SolutionGuid = {F7557AD3-CFC8-410C-887D-2358DFFC2D05}
	EndGlobalSection
EndGlobal
